
Microsoft Visual Studio Solution File, Format Version 12.00
Project("{FAE04EC0-301F-11D3-BF4B-00C04F79EFBC}") = "StaticDictionaries", "src\StaticDictionaries\StaticDictionaries.csproj", "{F0047297-F2D6-4580-81FE-CB1BE273996A}"
EndProject
Project("{2150E333-8FDC-42A3-9474-1A3956D46DE8}") = "src", "src", "{0A33D3A6-E3E1-4F75-AFB2-C90850D3A40C}"
EndProject
Project("{FAE04EC0-301F-11D3-BF4B-00C04F79EFBC}") = "StaticDictionaries.Tests", "tests\StaticDictionaries.Tests\StaticDictionaries.Tests.csproj", "{45EEB3BA-5BCC-46B2-A74E-6B4DF2A42550}"
EndProject
Project("{FAE04EC0-301F-11D3-BF4B-00C04F79EFBC}") = "StaticDictionaries.Benchmarks", "tests\StaticDictionaries.Benchmarks\StaticDictionaries.Benchmarks.csproj", "{5318DE4F-E84C-4C02-AE00-255959AF3596}"
EndProject
Project("{FAE04EC0-301F-11D3-BF4B-00C04F79EFBC}") = "StaticDictionaries.Attributes", "src\StaticDictionaries.Attributes\StaticDictionaries.Attributes.csproj", "{EBA8F50F-3416-4EE7-A662-CED040C9C6E0}"
EndProject
Project("{2150E333-8FDC-42A3-9474-1A3956D46DE8}") = "tests", "tests", "{88845CDC-3F4A-4DC1-836D-1B2CBC45C2CC}"
EndProject
Project("{2150E333-8FDC-42A3-9474-1A3956D46DE8}") = "images", "images", "{13E49D22-05B1-4E16-9ABA-859E675FBCD1}"
	ProjectSection(SolutionItems) = preProject
		images\dictionary.png = images\dictionary.png
	EndProjectSection
EndProject
Project("{FAE04EC0-301F-11D3-BF4B-00C04F79EFBC}") = "StaticDictionaries.IntegrationTests", "tests\StaticDictionaries.IntegrationTests\StaticDictionaries.IntegrationTests.csproj", "{6A7B6300-412F-4C8C-AF18-7379B07AD0BF}"
EndProject
Global
	GlobalSection(SolutionConfigurationPlatforms) = preSolution
		Debug|Any CPU = Debug|Any CPU
		Release|Any CPU = Release|Any CPU
	EndGlobalSection
	GlobalSection(ProjectConfigurationPlatforms) = postSolution
		{F0047297-F2D6-4580-81FE-CB1BE273996A}.Debug|Any CPU.ActiveCfg = Debug|Any CPU
		{F0047297-F2D6-4580-81FE-CB1BE273996A}.Debug|Any CPU.Build.0 = Debug|Any CPU
		{F0047297-F2D6-4580-81FE-CB1BE273996A}.Release|Any CPU.ActiveCfg = Release|Any CPU
		{F0047297-F2D6-4580-81FE-CB1BE273996A}.Release|Any CPU.Build.0 = Release|Any CPU
		{45EEB3BA-5BCC-46B2-A74E-6B4DF2A42550}.Debug|Any CPU.ActiveCfg = Debug|Any CPU
		{45EEB3BA-5BCC-46B2-A74E-6B4DF2A42550}.Debug|Any CPU.Build.0 = Debug|Any CPU
		{45EEB3BA-5BCC-46B2-A74E-6B4DF2A42550}.Release|Any CPU.ActiveCfg = Release|Any CPU
		{45EEB3BA-5BCC-46B2-A74E-6B4DF2A42550}.Release|Any CPU.Build.0 = Release|Any CPU
		{5318DE4F-E84C-4C02-AE00-255959AF3596}.Debug|Any CPU.ActiveCfg = Debug|Any CPU
		{5318DE4F-E84C-4C02-AE00-255959AF3596}.Debug|Any CPU.Build.0 = Debug|Any CPU
		{5318DE4F-E84C-4C02-AE00-255959AF3596}.Release|Any CPU.ActiveCfg = Release|Any CPU
		{5318DE4F-E84C-4C02-AE00-255959AF3596}.Release|Any CPU.Build.0 = Release|Any CPU
		{EBA8F50F-3416-4EE7-A662-CED040C9C6E0}.Debug|Any CPU.ActiveCfg = Debug|Any CPU
		{EBA8F50F-3416-4EE7-A662-CED040C9C6E0}.Debug|Any CPU.Build.0 = Debug|Any CPU
		{EBA8F50F-3416-4EE7-A662-CED040C9C6E0}.Release|Any CPU.ActiveCfg = Release|Any CPU
		{EBA8F50F-3416-4EE7-A662-CED040C9C6E0}.Release|Any CPU.Build.0 = Release|Any CPU
		{6A7B6300-412F-4C8C-AF18-7379B07AD0BF}.Debug|Any CPU.ActiveCfg = Debug|Any CPU
		{6A7B6300-412F-4C8C-AF18-7379B07AD0BF}.Debug|Any CPU.Build.0 = Debug|Any CPU
		{6A7B6300-412F-4C8C-AF18-7379B07AD0BF}.Release|Any CPU.ActiveCfg = Release|Any CPU
		{6A7B6300-412F-4C8C-AF18-7379B07AD0BF}.Release|Any CPU.Build.0 = Release|Any CPU
	EndGlobalSection
	GlobalSection(NestedProjects) = preSolution
		{F0047297-F2D6-4580-81FE-CB1BE273996A} = {0A33D3A6-E3E1-4F75-AFB2-C90850D3A40C}
		{EBA8F50F-3416-4EE7-A662-CED040C9C6E0} = {0A33D3A6-E3E1-4F75-AFB2-C90850D3A40C}
		{45EEB3BA-5BCC-46B2-A74E-6B4DF2A42550} = {88845CDC-3F4A-4DC1-836D-1B2CBC45C2CC}
		{5318DE4F-E84C-4C02-AE00-255959AF3596} = {88845CDC-3F4A-4DC1-836D-1B2CBC45C2CC}
		{6A7B6300-412F-4C8C-AF18-7379B07AD0BF} = {88845CDC-3F4A-4DC1-836D-1B2CBC45C2CC}
	EndGlobalSection
EndGlobal
